# Generated by pub
# See https://dart.dev/tools/pub/glossary#lockfile
packages:
  async:
    dependency: transitive
    description:
      name: async
      sha256: "271b8899fc99f9df4f4ed419fa14e2fff392c7b2c162fbb87b222e2e963ddc73"
      url: "https://pub.dev"
    source: hosted
    version: "2.9.0"
  characters:
    dependency: transitive
    description:
      name: characters
      sha256: e6a326c8af69605aec75ed6c187d06b349707a27fbff8222ca9cc2cff167975c
      url: "https://pub.dev"
    source: hosted
    version: "1.2.1"
  clock:
    dependency: transitive
    description:
      name: clock
      sha256: cb6d7f03e1de671e34607e909a7213e31d7752be4fb66a86d29fe1eb14bfb5cf
      url: "https://pub.dev"
    source: hosted
    version: "1.1.1"
  collection:
    dependency: transitive
    description:
      name: collection
      sha256: cfc915e6923fe5ce6e153b0723c753045de46de1b4d63771530504004a45fae0
      url: "https://pub.dev"
    source: hosted
    version: "1.17.0"
  crypto:
    dependency: transitive
    description:
      name: crypto
      sha256: aa274aa7774f8964e4f4f38cc994db7b6158dd36e9187aaceaddc994b35c6c67
      url: "https://pub.dev"
    source: hosted
    version: "3.0.2"
  cupertino_icons:
    dependency: "direct main"
    description:
      name: cupertino_icons
      sha256: e35129dc44c9118cee2a5603506d823bab99c68393879edb440e0090d07586be
      url: "https://pub.dev"
    source: hosted
    version: "1.0.5"
  facebook_auth_desktop:
    dependency: transitive
    description:
      name: facebook_auth_desktop
      sha256: "35ff7b8c62ad37c4bc08eed7d58cf301ab8770a2f4eed46573843ae1e1a1aac3"
      url: "https://pub.dev"
    source: hosted
    version: "0.0.9"
  ffi:
    dependency: transitive
    description:
      name: ffi
      sha256: a38574032c5f1dd06c4aee541789906c12ccaab8ba01446e800d9c5b79c4a978
      url: "https://pub.dev"
    source: hosted
    version: "2.0.1"
  file:
    dependency: "direct main"
    description:
      name: file
      sha256: "1b92bec4fc2a72f59a8e15af5f52cd441e4a7860b49499d69dfa817af20e925d"
      url: "https://pub.dev"
    source: hosted
    version: "6.1.4"
  flutter:
    dependency: "direct main"
    description: flutter
    source: sdk
    version: "0.0.0"
  flutter_facebook_auth:
    dependency: "direct main"
    description:
      path: ".."
      relative: true
    source: path
    version: "5.0.9"
  flutter_facebook_auth_platform_interface:
    dependency: transitive
    description:
      name: flutter_facebook_auth_platform_interface
      sha256: "0bc5fefc89b012635c4424a34334215e81e0ff38c5b413f869fd9c14a10c6135"
      url: "https://pub.dev"
    source: hosted
    version: "4.1.1"
  flutter_facebook_auth_web:
    dependency: transitive
    description:
      name: flutter_facebook_auth_web
      sha256: "6dfd4a3844137fbf7eb4c8d753add1ca15233b280a73a3360d9af46b87680678"
      url: "https://pub.dev"
    source: hosted
    version: "4.1.1"
  flutter_plugin_android_lifecycle:
    dependency: transitive
    description:
      name: flutter_plugin_android_lifecycle
      sha256: "4bef634684b2c7f3468c77c766c831229af829a0cd2d4ee6c1b99558bd14e5d2"
      url: "https://pub.dev"
    source: hosted
    version: "2.0.8"
  flutter_secure_storage:
    dependency: transitive
    description:
      name: flutter_secure_storage
      sha256: "98352186ee7ad3639ccc77ad7924b773ff6883076ab952437d20f18a61f0a7c5"
      url: "https://pub.dev"
    source: hosted
    version: "8.0.0"
  flutter_secure_storage_linux:
    dependency: transitive
    description:
      name: flutter_secure_storage_linux
      sha256: "0912ae29a572230ad52d8a4697e5518d7f0f429052fd51df7e5a7952c7efe2a3"
      url: "https://pub.dev"
    source: hosted
    version: "1.1.3"
  flutter_secure_storage_macos:
    dependency: transitive
    description:
      name: flutter_secure_storage_macos
      sha256: "083add01847fc1c80a07a08e1ed6927e9acd9618a35e330239d4422cd2a58c50"
      url: "https://pub.dev"
    source: hosted
    version: "3.0.0"
  flutter_secure_storage_platform_interface:
    dependency: transitive
    description:
      name: flutter_secure_storage_platform_interface
      sha256: b3773190e385a3c8a382007893d678ae95462b3c2279e987b55d140d3b0cb81b
      url: "https://pub.dev"
    source: hosted
    version: "1.0.1"
  flutter_secure_storage_web:
    dependency: transitive
    description:
      name: flutter_secure_storage_web
      sha256: "42938e70d4b872e856e678c423cc0e9065d7d294f45bc41fc1981a4eb4beaffe"
      url: "https://pub.dev"
    source: hosted
    version: "1.1.1"
  flutter_secure_storage_windows:
    dependency: transitive
    description:
      name: flutter_secure_storage_windows
      sha256: fc2910ec9b28d60598216c29ea763b3a96c401f0ce1d13cdf69ccb0e5c93c3ee
      url: "https://pub.dev"
    source: hosted
    version: "2.0.0"
  flutter_web_plugins:
    dependency: transitive
    description: flutter
    source: sdk
    version: "0.0.0"
  google_fonts:
    dependency: "direct main"
    description:
      name: google_fonts
      sha256: e70521755a6b08c6bde14ddae27dff5bf21010033888fc61da6c595f8a9f58c1
      url: "https://pub.dev"
    source: hosted
    version: "2.3.3"
  http:
    dependency: transitive
    description:
      name: http
      sha256: "6aa2946395183537c8b880962d935877325d6a09a2867c3970c05c0fed6ac482"
      url: "https://pub.dev"
    source: hosted
    version: "0.13.5"
  http_parser:
    dependency: transitive
    description:
      name: http_parser
      sha256: db3060f22889f3d9d55f6a217565486737037eec3609f7f3eca4d0c67ee0d8a0
      url: "https://pub.dev"
    source: hosted
    version: "4.0.1"
  image_cropper:
    dependency: "direct main"
    description:
      name: image_cropper
      sha256: "85324928ee8a8be35a529446435ca53067865b9353c8681983472eeec66d780f"
      url: "https://pub.dev"
    source: hosted
    version: "3.0.1"
  image_cropper_for_web:
    dependency: transitive
    description:
      name: image_cropper_for_web
      sha256: "09e93a8ec0435adcaa23622ac090442872f18145d70b9ff605ffedcf97d56255"
      url: "https://pub.dev"
    source: hosted
    version: "1.0.3"
  image_cropper_platform_interface:
    dependency: transitive
    description:
      name: image_cropper_platform_interface
      sha256: "62349e3aab63873ea9b9ab9f69d036ab8a0d74b3004beec4303981386cb9273f"
      url: "https://pub.dev"
    source: hosted
    version: "3.0.3"
  intl:
    dependency: transitive
    description:
      name: intl
      sha256: "910f85bce16fb5c6f614e117efa303e85a1731bb0081edf3604a2ae6e9a3cc91"
      url: "https://pub.dev"
    source: hosted
    version: "0.17.0"
  js:
    dependency: transitive
    description:
      name: js
      sha256: "5528c2f391ededb7775ec1daa69e65a2d61276f7552de2b5f7b8d34ee9fd4ab7"
      url: "https://pub.dev"
    source: hosted
    version: "0.6.5"
  local_auth:
    dependency: "direct main"
    description:
      name: local_auth
      sha256: "792b06b9e7deb52f1f55b5de678a319261c395e61d804e0f3f97c732cf002aef"
      url: "https://pub.dev"
    source: hosted
    version: "2.1.2"
  local_auth_android:
    dependency: transitive
    description:
      name: local_auth_android
      sha256: "9106024549f411fea2543630582ae7937fcb97ce197755a6d985b23b980410c7"
      url: "https://pub.dev"
    source: hosted
    version: "1.0.19"
  local_auth_ios:
    dependency: transitive
    description:
      name: local_auth_ios
      sha256: "14e7822264fbb6842240e09ff32a60e2ca2b1c3207de8adf2f56c149cccd49fd"
      url: "https://pub.dev"
    source: hosted
    version: "1.0.13"
  local_auth_platform_interface:
    dependency: transitive
    description:
      name: local_auth_platform_interface
      sha256: "9e160d59ef0743e35f1b50f4fb84dc64f55676b1b8071e319ef35e7f3bc13367"
      url: "https://pub.dev"
    source: hosted
    version: "1.0.7"
  local_auth_windows:
    dependency: transitive
    description:
      name: local_auth_windows
      sha256: "69c4a6b1201e7b5467e7180c7dd84cf96c308982680cc1778984552bea84b0bc"
      url: "https://pub.dev"
    source: hosted
    version: "1.0.6"
  material_color_utilities:
    dependency: transitive
    description:
      name: material_color_utilities
      sha256: d92141dc6fe1dad30722f9aa826c7fbc896d021d792f80678280601aff8cf724
      url: "https://pub.dev"
    source: hosted
    version: "0.2.0"
  meta:
    dependency: transitive
    description:
      name: meta
      sha256: "6c268b42ed578a53088d834796959e4a1814b5e9e164f147f580a386e5decf42"
      url: "https://pub.dev"
    source: hosted
    version: "1.8.0"
  nested:
    dependency: transitive
    description:
      name: nested
      sha256: "03bac4c528c64c95c722ec99280375a6f2fc708eec17c7b3f07253b626cd2a20"
      url: "https://pub.dev"
    source: hosted
    version: "1.0.0"
  path:
    dependency: transitive
    description:
      name: path
      sha256: db9d4f58c908a4ba5953fcee2ae317c94889433e5024c27ce74a37f94267945b
      url: "https://pub.dev"
    source: hosted
    version: "1.8.2"
  path_provider:
    dependency: transitive
    description:
      name: path_provider
      sha256: "050e8e85e4b7fecdf2bb3682c1c64c4887a183720c802d323de8a5fd76d372dd"
      url: "https://pub.dev"
    source: hosted
    version: "2.0.11"
  path_provider_android:
    dependency: transitive
    description:
      name: path_provider_android
      sha256: cf7c403a541fc68cd398fb91a7eea8ec234813547d5b55245eed644d1246c5d8
      url: "https://pub.dev"
    source: hosted
    version: "2.0.16"
  path_provider_ios:
    dependency: transitive
    description:
      name: path_provider_ios
      sha256: "641df59948e0fda05ca71f1dd6768d6da7f0ceb52aab734bf9050db54fca7f4c"
      url: "https://pub.dev"
    source: hosted
    version: "2.0.10"
  path_provider_linux:
    dependency: transitive
    description:
      name: path_provider_linux
      sha256: ab0987bf95bc591da42dffb38c77398fc43309f0b9b894dcc5d6f40c4b26c379
      url: "https://pub.dev"
    source: hosted
    version: "2.1.7"
  path_provider_macos:
    dependency: transitive
    description:
      name: path_provider_macos
      sha256: "2a97e7fbb7ae9dcd0dfc1220a78e9ec3e71da691912e617e8715ff2a13086ae8"
      url: "https://pub.dev"
    source: hosted
    version: "2.0.6"
  path_provider_platform_interface:
    dependency: transitive
    description:
      name: path_provider_platform_interface
      sha256: "27dc7a224fcd07444cb5e0e60423ccacea3e13cf00fc5282ac2c918132da931d"
      url: "https://pub.dev"
    source: hosted
    version: "2.0.4"
  path_provider_windows:
    dependency: transitive
    description:
      name: path_provider_windows
      sha256: "999d3dc2ac03ca3f8433018efa40b73558fa4f9759bf8383a217861d120c7d74"
      url: "https://pub.dev"
    source: hosted
    version: "2.1.0"
  permission_handler:
    dependency: "direct main"
    description:
      name: permission_handler
      sha256: "4356882e9abf51aa0d56e8fb886e0d6162719f2310dd71f0b8fa7f34908b128d"
      url: "https://pub.dev"
    source: hosted
    version: "8.3.0"
  permission_handler_platform_interface:
    dependency: transitive
    description:
      name: permission_handler_platform_interface
      sha256: ca16451bfdc6d26693d10b37b2d81370bdf3f0318422f3eecfd6004f5bd7d21f
      url: "https://pub.dev"
    source: hosted
    version: "3.7.0"
  platform:
    dependency: transitive
    description:
      name: platform
      sha256: "4a451831508d7d6ca779f7ac6e212b4023dd5a7d08a27a63da33756410e32b76"
      url: "https://pub.dev"
    source: hosted
    version: "3.1.0"
  plugin_platform_interface:
    dependency: transitive
    description:
      name: plugin_platform_interface
      sha256: "075f927ebbab4262ace8d0b283929ac5410c0ac4e7fc123c76429564facfb757"
      url: "https://pub.dev"
    source: hosted
    version: "2.1.2"
  process:
    dependency: transitive
    description:
      name: process
      sha256: "53fd8db9cec1d37b0574e12f07520d582019cb6c44abf5479a01505099a34a09"
      url: "https://pub.dev"
    source: hosted
    version: "4.2.4"
  provider:
    dependency: "direct main"
    description:
      name: provider
      sha256: "59471e0a4595e264625d3496af567ac85bdae1148ec985aff1e0555786f53ecf"
      url: "https://pub.dev"
    source: hosted
    version: "5.0.0"
  sky_engine:
    dependency: transitive
    description: flutter
    source: sdk
    version: "0.0.99"
  source_span:
    dependency: transitive
    description:
      name: source_span
      sha256: e3320978e3715725e62f04358fd249c1efe5999297b2c6acd626a817593281b0
      url: "https://pub.dev"
    source: hosted
    version: "1.9.0"
  string_scanner:
    dependency: transitive
    description:
      name: string_scanner
      sha256: "862015c5db1f3f3c4ea3b94dc2490363a84262994b88902315ed74be1155612f"
      url: "https://pub.dev"
    source: hosted
    version: "1.1.1"
  term_glyph:
    dependency: transitive
    description:
      name: term_glyph
      sha256: a29248a84fbb7c79282b40b8c72a1209db169a2e0542bce341da992fe1bc7e84
      url: "https://pub.dev"
    source: hosted
    version: "1.2.1"
  typed_data:
    dependency: transitive
    description:
      name: typed_data
      sha256: "26f87ade979c47a150c9eaab93ccd2bebe70a27dc0b4b29517f2904f04eb11a5"
      url: "https://pub.dev"
    source: hosted
    version: "1.3.1"
  url_launcher:
    dependency: "direct main"
    description:
      name: url_launcher
      sha256: "638e195d333ff9d8314410edfb3f860c6e7e87b8898e593834cf72974c6761e3"
      url: "https://pub.dev"
    source: hosted
    version: "6.1.4"
  url_launcher_android:
    dependency: transitive
    description:
      name: url_launcher_android
      sha256: "1ccd353c1bff66b49863527c02759f4d06b92744bd9777c96a00ca6a9e8e1d2f"
      url: "https://pub.dev"
    source: hosted
    version: "6.0.17"
  url_launcher_ios:
    dependency: transitive
    description:
      name: url_launcher_ios
      sha256: "6ba7dddee26c9fae27c9203c424631109d73c8fa26cfa7bc3e35e751cb87f62e"
      url: "https://pub.dev"
    source: hosted
    version: "6.0.17"
  url_launcher_linux:
    dependency: transitive
    description:
      name: url_launcher_linux
      sha256: "360fa359ab06bcb4f7c5cd3123a2a9a4d3364d4575d27c4b33468bd4497dd094"
      url: "https://pub.dev"
    source: hosted
    version: "3.0.1"
  url_launcher_macos:
    dependency: transitive
    description:
      name: url_launcher_macos
      sha256: a9b3ea9043eabfaadfa3fb89de67a11210d85569086d22b3854484beab8b3978
      url: "https://pub.dev"
    source: hosted
    version: "3.0.1"
  url_launcher_platform_interface:
    dependency: transitive
    description:
      name: url_launcher_platform_interface
      sha256: "80b860b31a11ebbcbe51b8fe887efc204f3af91522f3b51bcda4622d276d2120"
      url: "https://pub.dev"
    source: hosted
    version: "2.1.0"
  url_launcher_web:
    dependency: transitive
    description:
      name: url_launcher_web
      sha256: "15fd9dbb306d5efce57dcf62dcb1ae045fbf74079ab4464a950e099bf5800deb"
      url: "https://pub.dev"
    source: hosted
    version: "2.0.12"
  url_launcher_windows:
    dependency: transitive
    description:
      name: url_launcher_windows
      sha256: e3c3b16d3104260c10eea3b0e34272aaa57921f83148b0619f74c2eced9b7ef1
      url: "https://pub.dev"
    source: hosted
    version: "3.0.1"
  vector_math:
    dependency: transitive
    description:
      name: vector_math
      sha256: "80b3257d1492ce4d091729e3a67a60407d227c27241d6927be0130c98e741803"
      url: "https://pub.dev"
    source: hosted
    version: "2.1.4"
  win32:
    dependency: transitive
    description:
      name: win32
      sha256: "6b75ac2ddd42f5c226fdaf4498a2b04071c06f1f2b8f7ab1c3f77cc7f2285ff1"
      url: "https://pub.dev"
    source: hosted
    version: "2.7.0"
  xdg_directories:
    dependency: transitive
    description:
      name: xdg_directories
      sha256: "060b6e1c891d956f72b5ac9463466c37cce3fa962a921532fc001e86fe93438e"
      url: "https://pub.dev"
    source: hosted
    version: "0.2.0+1"
sdks:
  dart: ">=2.17.0 <3.0.0"
  flutter: ">=3.0.0"
