PODS:
  - FBAEMKit (15.0.0):
    - FBSDKCoreKit_Basics (= 15.0.0)
  - FBSDKCoreKit (15.0.0):
    - FBAEMKit (= 15.0.0)
    - FBSDKCoreKit_Basics (= 15.0.0)
  - FBSDKCoreKit_Basics (15.0.0)
  - FBSDKLoginKit (15.0.0):
    - FBSDKCoreKit (= 15.0.0)
  - Flutter (1.0.0)
  - flutter_facebook_auth (5.0.0):
    - FBSDKLoginKit (= 15.0.0)
    - Flutter
  - flutter_secure_storage (3.3.1):
    - Flutter

DEPENDENCIES:
  - Flutter (from `Flutter`)
  - flutter_facebook_auth (from `.symlinks/plugins/flutter_facebook_auth/ios`)
  - flutter_secure_storage (from `.symlinks/plugins/flutter_secure_storage/ios`)

SPEC REPOS:
  trunk:
    - FBAEMKit
    - FBSDKCoreKit
    - FBSDKCoreKit_Basics
    - FBSDKLoginKit

EXTERNAL SOURCES:
  Flutter:
    :path: Flutter
  flutter_facebook_auth:
    :path: ".symlinks/plugins/flutter_facebook_auth/ios"
  flutter_secure_storage:
    :path: ".symlinks/plugins/flutter_secure_storage/ios"

SPEC CHECKSUMS:
  FBAEMKit: d8312d8451ead46282adc7f3565ffc4965e3a4a7
  FBSDKCoreKit: 81879058dd06208c0820fc713d054ca54903e8ba
  FBSDKCoreKit_Basics: eebc9bb69a0e5d133b92dca53a20716227faa454
  FBSDKLoginKit: 11995469cd7da16fd4d5245e8d2ec61060479270
  Flutter: f04841e97a9d0b0a8025694d0796dd46242b2854
  flutter_facebook_auth: ad30745952f77ef167ec2ca5ddf29143c2c8c2e0
  flutter_secure_storage: 7953c38a04c3fdbb00571bcd87d8e3b5ceb9daec

PODFILE CHECKSUM: 4e8f8b2be68aeea4c0d5beb6ff1e79fface1d048

COCOAPODS: 1.11.3
