PODS:
  - FBSDKCoreKit (6.3.0):
    - FBSDKCoreKit/Basics (= 6.3.0)
    - FBSDKCoreKit/Core (= 6.3.0)
  - FBSDKCoreKit/Basics (6.3.0)
  - FBSDKCoreKit/Core (6.3.0):
    - FBSDKCoreKit/Basics
  - FBSDKLoginKit (6.3.0):
    - FBSDKLoginKit/Login (= 6.3.0)
  - FBSDKLoginKit/Login (6.3.0):
    - FBSDKCoreKit (~> 6.3.0)
  - FBSDKShareKit (6.3.0):
    - FBSDKShareKit/Share (= 6.3.0)
  - FBSDKShareKit/Share (6.3.0):
    - FBSDKCoreKit (~> 6.3.0)
  - Flutter (1.0.0)
  - flutter_facebook_auth (0.2.0):
    - FBSDKCoreKit
    - FBSDKLoginKit
    - FBSDKShareKit
    - Flutter

DEPENDENCIES:
  - Flutter (from `Flutter`)
  - flutter_facebook_auth (from `.symlinks/plugins/flutter_facebook_auth/ios`)

SPEC REPOS:
  https://github.com/cocoapods/specs.git:
    - FBSDKCoreKit
    - FBSDKLoginKit
    - FBSDKShareKit

EXTERNAL SOURCES:
  Flutter:
    :path: Flutter
  flutter_facebook_auth:
    :path: ".symlinks/plugins/flutter_facebook_auth/ios"

SPEC CHECKSUMS:
  FBSDKCoreKit: 5d55c8f3007c9c49b793617b9102e46355fc7e17
  FBSDKLoginKit: d46aa04d9bb9990a4deb6441736fae24a8c94496
  FBSDKShareKit: cbd309f29d00e596bc28319724a7519940e804fa
  Flutter: 0e3d915762c693b495b44d77113d4970485de6ec
  flutter_facebook_auth: 9e88cf8b5369ebd11ef9cfaff05fbbd2bdae9d3f

PODFILE CHECKSUM: e45c292f618eeca3034958d33b444b6e1249b55f

COCOAPODS: 1.7.3
