PODS:
  - FBSDKCoreKit (8.1.0):
    - FBSDKCoreKit/Basics (= 8.1.0)
    - FBSDKCoreKit/Core (= 8.1.0)
  - FBSDKCoreKit/Basics (8.1.0)
  - FBSDKCoreKit/Core (8.1.0):
    - FBSDKCoreKit/Basics
  - FBSDKLoginKit (8.1.0):
    - FBSDKLoginKit/Login (= 8.1.0)
  - FBSDKLoginKit/Login (8.1.0):
    - FBSDKCoreKit (~> 8.1.0)
  - Flutter (1.0.0)
  - flutter_facebook_auth (1.0.0):
    - FBSDKCoreKit (~> 8.1.0)
    - FBSDKLoginKit (~> 8.1.0)
    - Flutter

DEPENDENCIES:
  - Flutter (from `Flutter`)
  - flutter_facebook_auth (from `.symlinks/plugins/flutter_facebook_auth/ios`)

SPEC REPOS:
  trunk:
    - FBSDKCoreKit
    - FBSDKLoginKit

EXTERNAL SOURCES:
  Flutter:
    :path: Flutter
  flutter_facebook_auth:
    :path: ".symlinks/plugins/flutter_facebook_auth/ios"

SPEC CHECKSUMS:
  FBSDKCoreKit: b3ca27e124dae67122d3bb47c8f96800b39986a6
  FBSDKLoginKit: a3a92ba9380759cd0c1aa8319465fb5f2857c602
  Flutter: 0e3d915762c693b495b44d77113d4970485de6ec
  flutter_facebook_auth: dc4c910f469762b5b4c03ec7d0ab81b8cd7ef321

PODFILE CHECKSUM: a75497545d4391e2d394c3668e20cfb1c2bbd4aa

COCOAPODS: 1.9.3
